{
    "_meta": {
        "hash": {
            "sha256": "8d612452189f9f4f390cfbaf06d70b718cd755e1060360e1e23c5ad8a3246829"
        },
        "pipfile-spec": 6,
        "requires": {
            "python_version": "3.10"
        },
        "sources": [
            {
                "name": "pypi",
                "url": "https://pypi.org/simple",
                "verify_ssl": true
            }
        ]
    },
    "default": {
        "docx2pdf": {
            "hashes": [
                "sha256:00be1401fd486640314e993423a0a1cbdbc21142186f68549d962d505b2e8a12",
                "sha256:6d2c20f9ad36eec75f4da017dc7a97622946954a6124ca0b11772875fa86fbed"
            ],
            "index": "pypi",
            "markers": "python_version >= '3.5'",
            "version": "==0.1.8"
        },
        "fire": {
            "hashes": [
                "sha256:961550f07936eaf65ad1dc8360f2b2bf8408fad46abbfa4d2a3794f8d2a95cdf"
            ],
            "version": "==0.7.0"
        },
        "fonttools": {
            "hashes": [
                "sha256:03290e818782e7edb159474144fca11e36a8ed6663d1fcbd5268eb550594fd8e",
                "sha256:0425c2e052a5f1516c94e5855dbda706ae5a768631e9fcc34e57d074d1b65b92",
                "sha256:05efceb2cb5f6ec92a4180fcb7a64aa8d3385fd49cfbbe459350229d1974f0b1",
                "sha256:17168a4670bbe3775f3f3f72d23ee786bd965395381dfbb70111e25e81505b9d",
                "sha256:3122c604a675513c68bd24c6a8f9091f1c2376d18e8f5fe5a101746c81b3e98f",
                "sha256:34687a5d21f1d688d7d8d416cb4c5b9c87fca8a1797ec0d74b9fdebfa55c09ab",
                "sha256:3871349303bdec958360eedb619169a779956503ffb4543bb3e6211e09b647c4",
                "sha256:39acf68abdfc74e19de7485f8f7396fa4d2418efea239b7061d6ed6a2510c746",
                "sha256:3cf97236b192a50a4bf200dc5ba405aa78d4f537a2c6e4c624bb60466d5b03bd",
                "sha256:408ce299696012d503b714778d89aa476f032414ae57e57b42e4b92363e0b8ef",
                "sha256:44c26a311be2ac130f40a96769264809d3b0cb297518669db437d1cc82974888",
                "sha256:46370ac47a1e91895d40e9ad48effbe8e9d9db1a4b80888095bc00e7beaa042f",
                "sha256:4dea5893b58d4637ffa925536462ba626f8a1b9ffbe2f5c272cdf2c6ebadb817",
                "sha256:51d8482e96b28fb28aa8e50b5706f3cee06de85cbe2dce80dbd1917ae22ec5a6",
                "sha256:541cb48191a19ceb1a2a4b90c1fcebd22a1ff7491010d3cf840dd3a68aebd654",
                "sha256:579ba873d7f2a96f78b2e11028f7472146ae181cae0e4d814a37a09e93d5c5cc",
                "sha256:57e30241524879ea10cdf79c737037221f77cc126a8cdc8ff2c94d4a522504b9",
                "sha256:69ab81b66ebaa8d430ba56c7a5f9abe0183afefd3a2d6e483060343398b13fb1",
                "sha256:6e3e1ec10c29bae0ea826b61f265ec5c858c5ba2ce2e69a71a62f285cf8e4595",
                "sha256:727ece10e065be2f9dd239d15dd5d60a66e17eac11aea47d447f9f03fdbc42de",
                "sha256:7339e6a3283e4b0ade99cade51e97cde3d54cd6d1c3744459e886b66d630c8b3",
                "sha256:767604f244dc17c68d3e2dbf98e038d11a18abc078f2d0f84b6c24571d9c0b13",
                "sha256:7a64edd3ff6a7f711a15bd70b4458611fb240176ec11ad8845ccbab4fe6745db",
                "sha256:81aa97669cd726349eb7bd43ca540cf418b279ee3caba5e2e295fb4e8f841c02",
                "sha256:84c41ba992df5b8d680b89fd84c6a1f2aca2b9f1ae8a67400c8930cd4ea115f6",
                "sha256:84fd56c78d431606332a0627c16e2a63d243d0d8b05521257d77c6529abe14d8",
                "sha256:889e45e976c74abc7256d3064aa7c1295aa283c6bb19810b9f8b604dfe5c7f31",
                "sha256:8e2e12d0d862f43d51e5afb8b9751c77e6bec7d2dc00aad80641364e9df5b199",
                "sha256:967b65232e104f4b0f6370a62eb33089e00024f2ce143aecbf9755649421c683",
                "sha256:9d077f909f2343daf4495ba22bb0e23b62886e8ec7c109ee8234bdbd678cf344",
                "sha256:9d57b4e23ebbe985125d3f0cabbf286efa191ab60bbadb9326091050d88e8213",
                "sha256:a1968f2a2003c97c4ce6308dc2498d5fd4364ad309900930aa5a503c9851aec8",
                "sha256:a2a722c0e4bfd9966a11ff55c895c817158fcce1b2b6700205a376403b546ad9",
                "sha256:a97bb05eb24637714a04dee85bdf0ad1941df64fe3b802ee4ac1c284a5f97b7c",
                "sha256:aff40f8ac6763d05c2c8f6d240c6dac4bb92640a86d9b0c3f3fff4404f34095c",
                "sha256:babe8d1eb059a53e560e7bf29f8e8f4accc8b6cfb9b5fd10e485bde77e71ef41",
                "sha256:bbceffc80aa02d9e8b99f2a7491ed8c4a783b2fc4020119dc405ca14fb5c758c",
                "sha256:c59375e85126b15a90fcba3443eaac58f3073ba091f02410eaa286da9ad80ed8",
                "sha256:ca2aed95855506b7ae94e8f1f6217b7673c929e4f4f1217bcaa236253055cb36",
                "sha256:cc066cb98b912f525ae901a24cd381a656f024f76203bc85f78fcc9e66ae5aec",
                "sha256:cdef9a056c222d0479a1fdb721430f9efd68268014c54e8166133d2643cb05d9",
                "sha256:d07f1b64008e39fceae7aa99e38df8385d7d24a474a8c9872645c4397b674481",
                "sha256:d639397de852f2ccfb3134b152c741406752640a266d9c1365b0f23d7b88077f",
                "sha256:dff02c5c8423a657c550b48231d0a48d7e2b2e131088e55983cfe74ccc2c7cc9",
                "sha256:e952c684274a7714b3160f57ec1d78309f955c6335c04433f07d36c5eb27b1f9",
                "sha256:ea1e9e43ca56b0c12440a7c689b1350066595bebcaa83baad05b8b2675129d98",
                "sha256:f022601f3ee9e1f6658ed6d184ce27fa5216cee5b82d279e0f0bde5deebece72",
                "sha256:f0e9618630edd1910ad4f07f60d77c184b2f572c8ee43305ea3265675cbbfe7e",
                "sha256:f1d6bc9c23356908db712d282acb3eebd4ae5ec6d8b696aa40342b1d84f8e9e3",
                "sha256:f4376819c1c778d59e0a31db5dc6ede854e9edf28bbfa5b756604727f7f800ac"
            ],
            "markers": "python_version >= '3.8'",
            "version": "==4.57.0"
        },
        "lxml": {
            "hashes": [
                "sha256:00a4463ca409ceacd20490a893a7e08deec7870840eff33dc3093067b559ce3e",
                "sha256:017ceeabe739100379fe6ed38b033cd244ce2da4e7f6f07903421f57da3a19a2",
                "sha256:02e56f7de72fa82561eae69628a7d6febd7891d72248c7ff7d3e7814d4031017",
                "sha256:038aeb6937aa404480c2966b7f26f1440a14005cb0702078c173c028eca72c31",
                "sha256:0a006390834603e5952a2ff74b9a31a6007c7cc74282a087aa6467afb4eea987",
                "sha256:0bed509662f67f719119ad56006cd4a38efa68cfa74383060612044915e5f7ad",
                "sha256:0e275961adbd32e15672e14e0cc976a982075208224ce06d149c92cb43db5b93",
                "sha256:10e690bc03214d3537270c88e492b8612d5e41b884f232df2b069b25b09e6711",
                "sha256:13f3495cfec24e3d63fffd342cc8141355d1d26ee766ad388775f5c8c5ec3932",
                "sha256:1539f962d82436f3d386eb9f29b2a29bb42b80199c74a695dff51b367a61ec0a",
                "sha256:1545de0a69a16ced5767bae8cca1801b842e6e49e96f5e4a8a5acbef023d970b",
                "sha256:165fcdc2f40fc0fe88a3c3c06c9c2a097388a90bda6a16e6f7c9199c903c9b8e",
                "sha256:16b3897691ec0316a1aa3c6585f61c8b7978475587c5b16fc1d2c28d283dc1b0",
                "sha256:19f6fcfd15b82036b4d235749d78785eb9c991c7812012dc084e0d8853b4c1c0",
                "sha256:1a06b0c6ba2e3ca45a009a78a4eb4d6b63831830c0a83dcdc495c13b9ca97d3e",
                "sha256:1a580dc232c33d2ad87d02c8a3069d47abbcdce974b9c9cc82a79ff603065dbe",
                "sha256:1a59f7fe888d0ec1916d0ad69364c5400cfa2f885ae0576d909f342e94d26bc9",
                "sha256:1b16504c53f41da5fcf04868a80ac40a39d3eec5329caf761114caec6e844ad1",
                "sha256:1ec944539543f66ebc060ae180d47e86aca0188bda9cbfadff47d86b0dc057dc",
                "sha256:1f9682786138549da44ca4c49b20e7144d063b75f2b2ba611f4cff9b83db1062",
                "sha256:2162068f6da83613f8b2a32ca105e37a564afd0d7009b0b25834d47693ce3538",
                "sha256:258b6b53458c5cbd2a88795557ff7e0db99f73a96601b70bc039114cd4ee9e02",
                "sha256:271f1a4d5d2b383c36ad8b9b489da5ea9c04eca795a215bae61ed6a57cf083cd",
                "sha256:29424058f072a24622a0a15357bca63d796954758248a72da6d512f9bd9a4493",
                "sha256:2996e1116bbb3ae2a1fbb2ba4da8f92742290b4011e7e5bce2bd33bbc9d9485a",
                "sha256:29b5f7d77334877c2146e7bb8b94e4df980325fab0a8af4d524e5d43cd6f789d",
                "sha256:2abcf3f3b8367d6400b908d00d4cd279fc0b8efa287e9043820525762d383699",
                "sha256:2cb08d2cb047c98d6fbbb2e77d6edd132ad6e3fa5aa826ffa9ea0c9b1bc74a84",
                "sha256:2d0a60841410123c533990f392819804a8448853f06daf412c0f383443925e89",
                "sha256:2ea918da00091194526d40c30c4996971f09dacab032607581f8d8872db34fbf",
                "sha256:2eadd4efa487f4710755415aed3d6ae9ac8b4327ea45226ffccb239766c8c610",
                "sha256:30fe05f4b7f6e9eb32862745512e7cbd021070ad0f289a7f48d14a0d3fc1d8a9",
                "sha256:32ba634ef3f1b20f781019a91d78599224dc45745dd572f951adbf1c0c9b0d75",
                "sha256:334e0e414dab1f5366ead8ca34ec3148415f236d5660e175f1d640b11d645847",
                "sha256:348c06cb2e3176ce98bee8c397ecc89181681afd13d85870df46167f140a305f",
                "sha256:34c688fef86f73dbca0798e0a61bada114677006afa524a8ce97d9e5fabf42e6",
                "sha256:354dab7206d22d7a796fa27c4c5bffddd2393da2ad61835355a4759d435beb47",
                "sha256:37f3d7cf7f2dd2520df6cc8a13df4c3e3f913c8e0a1f9a875e44f9e5f98d7fee",
                "sha256:3c2c8d0fa3277147bff180e3590be67597e17d365ce94beb2efa3138a2131f71",
                "sha256:3d84f5c093645c21c29a4e972b84cb7cf682f707f8706484a5a0c7ff13d7a988",
                "sha256:3df5a54e7b7c31755383f126d3a84e12a4e0333db4679462ef1165d702517477",
                "sha256:3dfc78f5f9251b6b8ad37c47d4d0bfe63ceb073a916e5b50a3bf5fd67a703335",
                "sha256:43af2a69af2cacc2039024da08a90174e85f3af53483e6b2e3485ced1bf37151",
                "sha256:495ddb7e10911fb4d673d8aa8edd98d1eadafb3b56e8c1b5f427fd33cadc455b",
                "sha256:49f1cee0fa27e1ee02589c696a9bdf4027e7427f184fa98e6bef0c6613f6f0fa",
                "sha256:4b7f729e03090eb4e3981f10efaee35e6004b548636b1a062b8b9a525e752abc",
                "sha256:4c62d0a34d1110769a1bbaf77871a4b711a6f59c4846064ccb78bc9735978644",
                "sha256:4d6d3d1436d57f41984920667ec5ef04bcb158f80df89ac4d0d3f775a2ac0c87",
                "sha256:4e3925975fadd6fd72a6d80541a6ec75dfbad54044a03aa37282dafcb80fbdfa",
                "sha256:507085365783abd7879fa0a6fa55eddf4bdd06591b17a2418403bb3aff8a267d",
                "sha256:521ab9c80b98c30b2d987001c3ede2e647e92eeb2ca02e8cb66ef5122d792b24",
                "sha256:52fa7ba11a495b7cbce51573c73f638f1dcff7b3ee23697467dc063f75352a69",
                "sha256:53e3f9ca72858834688afa17278649d62aa768a4b2018344be00c399c4d29e95",
                "sha256:56a1d56d60ea1ec940f949d7a309e0bff05243f9bd337f585721605670abb1c1",
                "sha256:579df6e20d8acce3bcbc9fb8389e6ae00c19562e929753f534ba4c29cfe0be4b",
                "sha256:58e8c9b9ed3c15c2d96943c14efc324b69be6352fe5585733a7db2bf94d97841",
                "sha256:59d437cc8a7f838282df5a199cf26f97ef08f1c0fbec6e84bd6f5cc2b7913f6e",
                "sha256:5bb304f67cbf5dfa07edad904732782cbf693286b9cd85af27059c5779131050",
                "sha256:5f94909a1022c8ea12711db7e08752ca7cf83e5b57a87b59e8a583c5f35016ad",
                "sha256:617ecaccd565cbf1ac82ffcaa410e7da5bd3a4b892bb3543fb2fe19bd1c4467d",
                "sha256:638d06b4e1d34d1a074fa87deed5fb55c18485fa0dab97abc5604aad84c12031",
                "sha256:661feadde89159fd5f7d7639a81ccae36eec46974c4a4d5ccce533e2488949c8",
                "sha256:6673920bf976421b5fac4f29b937702eef4555ee42329546a5fc68bae6178a48",
                "sha256:6ba465a91acc419c5682f8b06bcc84a424a7aa5c91c220241c6fd31de2a72bc6",
                "sha256:6f1231b0f9810289d41df1eacc4ebb859c63e4ceee29908a0217403cddce38d0",
                "sha256:6fca8a5a13906ba2677a5252752832beb0f483a22f6c86c71a2bb320fba04f61",
                "sha256:72968623efb1e12e950cbdcd1d0f28eb14c8535bf4be153f1bfffa818b1cf189",
                "sha256:73bcb635a848c18a3e422ea0ab0092f2e4ef3b02d8ebe87ab49748ebc8ec03d8",
                "sha256:741c126bcf9aa939e950e64e5e0a89c8e01eda7a5f5ffdfc67073f2ed849caea",
                "sha256:75a72697d95f27ae00e75086aed629f117e816387b74a2f2da6ef382b460b710",
                "sha256:773947d0ed809ddad824b7b14467e1a481b8976e87278ac4a730c2f7c7fcddc1",
                "sha256:77626571fb5270ceb36134765f25b665b896243529eefe840974269b083e090d",
                "sha256:77809fcd97dfda3f399102db1794f7280737b69830cd5c961ac87b3c5c05662d",
                "sha256:77cbcab50cbe8c857c6ba5f37f9a3976499c60eada1bf6d38f88311373d7b4bc",
                "sha256:7811828ddfb8c23f4f1fbf35e7a7b2edec2f2e4c793dee7c52014f28c4b35238",
                "sha256:78a533375dc7aa16d0da44af3cf6e96035e484c8c6b2b2445541a5d4d3d289ee",
                "sha256:7a01679e4aad0727bedd4c9407d4d65978e920f0200107ceeffd4b019bd48529",
                "sha256:7a0e77edfe26d3703f954d46bed52c3ec55f58586f18f4b7f581fc56954f1d84",
                "sha256:7d82737a8afe69a7c80ef31d7626075cc7d6e2267f16bf68af2c764b45ed68ab",
                "sha256:83c0462dedc5213ac586164c6d7227da9d4d578cf45dd7fbab2ac49b63a008eb",
                "sha256:83d8707b1b08cd02c04d3056230ec3b771b18c566ec35e723e60cdf037064e08",
                "sha256:856dfd7eda0b75c29ac80a31a6411ca12209183e866c33faf46e77ace3ce8a79",
                "sha256:87e8d78205331cace2b73ac8249294c24ae3cba98220687b5b8ec5971a2267f1",
                "sha256:884d9308ac7d581b705a3371185282e1b8eebefd68ccf288e00a2d47f077cc51",
                "sha256:8f961a4e82f411b14538fe5efc3e6b953e17f5e809c463f0756a0d0e8039b700",
                "sha256:910f39425c6798ce63c93976ae5af5fff6949e2cb446acbd44d6d892103eaea8",
                "sha256:95473d1d50a5d9fcdb9321fdc0ca6e1edc164dce4c7da13616247d27f3d21e31",
                "sha256:95ad58340e3b7d2b828efc370d1791856613c5cb62ae267158d96e47b3c978c9",
                "sha256:98050830bb6510159f65d9ad1b8aca27f07c01bb3884ba95f17319ccedc4bcf9",
                "sha256:9cd7a959396da425022e1e4214895b5cfe7de7035a043bcc2d11303792b67554",
                "sha256:9d61a7d0d208ace43986a92b111e035881c4ed45b1f5b7a270070acae8b0bfb4",
                "sha256:9fa722a9cd8845594593cce399a49aa6bfc13b6c83a7ee05e2ab346d9253d52f",
                "sha256:a1ef20f1851ccfbe6c5a04c67ec1ce49da16ba993fdbabdce87a92926e505412",
                "sha256:a6f62b2404b3f3f0744bbcabb0381c5fe186fa2a9a67ecca3603480f4846c585",
                "sha256:a8d4b34a0eeaf6e73169dcfd653c8d47f25f09d806c010daf074fba2db5e2d3f",
                "sha256:aa837e6ee9534de8d63bc4c1249e83882a7ac22bd24523f83fad68e6ffdf41ae",
                "sha256:ab6e9e6aca1fd7d725ffa132286e70dee5b9a4561c5ed291e836440b82888f89",
                "sha256:abc795703d0de5d83943a4badd770fbe3d1ca16ee4ff3783d7caffc252f309ae",
                "sha256:ad131e2c4d2c3803e736bb69063382334e03648de2a6b8f56a878d700d4b557d",
                "sha256:b3709fc752b42fb6b6ffa2ba0a5b9871646d97d011d8f08f4d5b3ee61c7f3b2b",
                "sha256:b45f505d0d85f4cdd440cd7500689b8e95110371eaa09da0c0b1103e9a05030f",
                "sha256:b4c08ecb26e4270a62f81f81899dfff91623d349e433b126931c9c4577169666",
                "sha256:b53cd668facd60b4f0dfcf092e01bbfefd88271b5b4e7b08eca3184dd006cb30",
                "sha256:b6b37b4c3acb8472d191816d4582379f64d81cecbdce1a668601745c963ca5cc",
                "sha256:b9b00c9ee1cc3a76f1f16e94a23c344e0b6e5c10bec7f94cf2d820ce303b8c01",
                "sha256:bc6e8678bfa5ccba370103976ccfcf776c85c83da9220ead41ea6fd15d2277b4",
                "sha256:bdc13911db524bd63f37b0103af014b7161427ada41f1b0b3c9b5b5a9c1ca927",
                "sha256:bf6389133bb255e530a4f2f553f41c4dd795b1fbb6f797aea1eff308f1e11606",
                "sha256:c09a40f28dcded933dc16217d6a092be0cc49ae25811d3b8e937c8060647c353",
                "sha256:c0a9d8d25ed2f2183e8471c97d512a31153e123ac5807f61396158ef2793cb6e",
                "sha256:c35326f94702a7264aa0eea826a79547d3396a41ae87a70511b9f6e9667ad31c",
                "sha256:c3eb4278dcdb9d86265ed2c20b9ecac45f2d6072e3904542e591e382c87a9c00",
                "sha256:c4b84d6b580a9625dfa47269bf1fd7fbba7ad69e08b16366a46acb005959c395",
                "sha256:c9780de781a0d62a7c3680d07963db3048b919fc9e3726d9cfd97296a65ffce1",
                "sha256:cac5eaeec3549c5df7f8f97a5a6db6963b91639389cdd735d5a806370847732b",
                "sha256:d1a94cbb4ee64af3ab386c2d63d6d9e9cf2e256ac0fd30f33ef0a3c88f575174",
                "sha256:d46bc3e58b01e4f38d75e0d7f745a46875b7a282df145aca9d1479c65ff11561",
                "sha256:d48e06be8d8c58e7feaedd8a37897a6122637efb1637d7ce00ddf5f11f9a92ad",
                "sha256:d49919c95d31ee06eefd43d8c6f69a3cc9bdf0a9b979cc234c4071f0eb5cb173",
                "sha256:d4b83aed409134093d90e114007034d2c1ebcd92e501b71fd9ec70e612c8b2eb",
                "sha256:d64ea1686474074b38da13ae218d9fde0d1dc6525266976808f41ac98d9d7980",
                "sha256:d67b50abc2df68502a26ed2ccea60c1a7054c289fb7fc31c12e5e55e4eec66bd",
                "sha256:d685d458505b2bfd2e28c812749fe9194a2b0ce285a83537e4309a187ffa270b",
                "sha256:d8f74ef8aacdf6ee5c07566a597634bb8535f6b53dc89790db43412498cf6026",
                "sha256:d9d9f82ff2c3bf9bb777cb355149f7f3a98ec58f16b7428369dc27ea89556a4c",
                "sha256:da4c9223319400b97a2acdfb10926b807e51b69eb7eb80aad4942c0516934858",
                "sha256:dae97d9435dc90590f119d056d233c33006b2fd235dd990d5564992261ee7ae8",
                "sha256:dc0e9bdb3aa4d1de703a437576007d366b54f52c9897cae1a3716bb44fc1fc85",
                "sha256:e3bef90af21d31c4544bc917f51e04f94ae11b43156356aff243cdd84802cbf2",
                "sha256:e5dea998c891f082fe204dec6565dbc2f9304478f2fc97bd4d7a940fec16c873",
                "sha256:e70ad4c9658beeff99856926fd3ee5fde8b519b92c693f856007177c36eb2e30",
                "sha256:e885a1bf98a76dff0a0648850c3083b99d9358ef91ba8fa307c681e8e0732503",
                "sha256:ea0c3b7922209160faef194a5b6995bfe7fa05ff7dda6c423ba17646b7b9de10",
                "sha256:eae4136a3b8c4cf76f69461fc8f9410d55d34ea48e1185338848a888d71b9675",
                "sha256:ebfceaa2ea588b54efb6160e3520983663d45aed8a3895bb2031ada080fb5f04",
                "sha256:ef926e9f11e307b5a7c97b17c5c609a93fb59ffa8337afac8f89e6fe54eb0b37",
                "sha256:f79a63289dbaba964eb29ed3c103b7911f2dce28c36fe87c36a114e6bd21d7ad",
                "sha256:f8695752cf5d639b4e981afe6c99e060621362c416058effd5c704bede9cb5d1"
            ],
            "markers": "python_version >= '3.6'",
            "version": "==5.3.2"
        },
        "numpy": {
            "hashes": [
                "sha256:05c076d531e9998e7e694c36e8b349969c56eadd2cdcd07242958489d79a7286",
                "sha256:0d54974f9cf14acf49c60f0f7f4084b6579d24d439453d5fc5805d46a165b542",
                "sha256:11c43995255eb4127115956495f43e9343736edb7fcdb0d973defd9de14cd84f",
                "sha256:188dcbca89834cc2e14eb2f106c96d6d46f200fe0200310fc29089657379c58d",
                "sha256:1974afec0b479e50438fc3648974268f972e2d908ddb6d7fb634598cdb8260a0",
                "sha256:1cf4e5c6a278d620dee9ddeb487dc6a860f9b199eadeecc567f777daace1e9e7",
                "sha256:207a2b8441cc8b6a2a78c9ddc64d00d20c303d79fba08c577752f080c4007ee3",
                "sha256:218f061d2faa73621fa23d6359442b0fc658d5b9a70801373625d958259eaca3",
                "sha256:2aad3c17ed2ff455b8eaafe06bcdae0062a1db77cb99f4b9cbb5f4ecb13c5146",
                "sha256:2fa8fa7697ad1646b5c93de1719965844e004fcad23c91228aca1cf0800044a1",
                "sha256:31504f970f563d99f71a3512d0c01a645b692b12a63630d6aafa0939e52361e6",
                "sha256:3387dd7232804b341165cedcb90694565a6015433ee076c6754775e85d86f1fc",
                "sha256:4ba5054787e89c59c593a4169830ab362ac2bee8a969249dc56e5d7d20ff8df9",
                "sha256:4f92084defa704deadd4e0a5ab1dc52d8ac9e8a8ef617f3fbb853e79b0ea3592",
                "sha256:65ef3468b53269eb5fdb3a5c09508c032b793da03251d5f8722b1194f1790c00",
                "sha256:6f527d8fdb0286fd2fd97a2a96c6be17ba4232da346931d967a0630050dfd298",
                "sha256:7051ee569db5fbac144335e0f3b9c2337e0c8d5c9fee015f259a5bd70772b7e8",
                "sha256:7716e4a9b7af82c06a2543c53ca476fa0b57e4d760481273e09da04b74ee6ee2",
                "sha256:79bd5f0a02aa16808fcbc79a9a376a147cc1045f7dfe44c6e7d53fa8b8a79392",
                "sha256:7a4e84a6283b36632e2a5b56e121961f6542ab886bc9e12f8f9818b3c266bfbb",
                "sha256:8120575cb4882318c791f839a4fd66161a6fa46f3f0a5e613071aae35b5dd8f8",
                "sha256:81413336ef121a6ba746892fad881a83351ee3e1e4011f52e97fba79233611fd",
                "sha256:8146f3550d627252269ac42ae660281d673eb6f8b32f113538e0cc2a9aed42b9",
                "sha256:879cf3a9a2b53a4672a168c21375166171bc3932b7e21f622201811c43cdd3b0",
                "sha256:892c10d6a73e0f14935c31229e03325a7b3093fafd6ce0af704be7f894d95687",
                "sha256:92bda934a791c01d6d9d8e038363c50918ef7c40601552a58ac84c9613a665bc",
                "sha256:9ba03692a45d3eef66559efe1d1096c4b9b75c0986b5dff5530c378fb8331d4f",
                "sha256:9eeea959168ea555e556b8188da5fa7831e21d91ce031e95ce23747b7609f8a4",
                "sha256:a0258ad1f44f138b791327961caedffbf9612bfa504ab9597157806faa95194a",
                "sha256:a761ba0fa886a7bb33c6c8f6f20213735cb19642c580a931c625ee377ee8bd39",
                "sha256:a7b9084668aa0f64e64bd00d27ba5146ef1c3a8835f3bd912e7a9e01326804c4",
                "sha256:a84eda42bd12edc36eb5b53bbcc9b406820d3353f1994b6cfe453a33ff101775",
                "sha256:ab2939cd5bec30a7430cbdb2287b63151b77cf9624de0532d629c9a1c59b1d5c",
                "sha256:ac0280f1ba4a4bfff363a99a6aceed4f8e123f8a9b234c89140f5e894e452ecd",
                "sha256:adf8c1d66f432ce577d0197dceaac2ac00c0759f573f28516246351c58a85020",
                "sha256:b4adfbbc64014976d2f91084915ca4e626fbf2057fb81af209c1a6d776d23e3d",
                "sha256:bb649f8b207ab07caebba230d851b579a3c8711a851d29efe15008e31bb4de24",
                "sha256:bce43e386c16898b91e162e5baaad90c4b06f9dcbe36282490032cec98dc8ae7",
                "sha256:bd3ad3b0a40e713fc68f99ecfd07124195333f1e689387c180813f0e94309d6f",
                "sha256:c3f7ac96b16955634e223b579a3e5798df59007ca43e8d451a0e6a50f6bfdfba",
                "sha256:cf28633d64294969c019c6df4ff37f5698e8326db68cc2b66576a51fad634880",
                "sha256:d0f35b19894a9e08639fd60a1ec1978cb7f5f7f1eace62f38dd36be8aecdef4d",
                "sha256:db1f1c22173ac1c58db249ae48aa7ead29f534b9a948bc56828337aa84a32ed6",
                "sha256:dbe512c511956b893d2dacd007d955a3f03d555ae05cfa3ff1c1ff6df8851854",
                "sha256:df2f57871a96bbc1b69733cd4c51dc33bea66146b8c63cacbfed73eec0883017",
                "sha256:e2f085ce2e813a50dfd0e01fbfc0c12bbe5d2063d99f8b29da30e544fb6483b8",
                "sha256:e642d86b8f956098b564a45e6f6ce68a22c2c97a04f5acd3f221f57b8cb850ae",
                "sha256:e9e0a277bb2eb5d8a7407e14688b85fd8ad628ee4e0c7930415687b6564207a4",
                "sha256:ea2bb7e2ae9e37d96835b3576a4fa4b3a97592fbea8ef7c3587078b0068b8f09",
                "sha256:ee4d528022f4c5ff67332469e10efe06a267e32f4067dc76bb7e2cddf3cd25ff",
                "sha256:f05d4198c1bacc9124018109c5fba2f3201dbe7ab6e92ff100494f236209c960",
                "sha256:f34dc300df798742b3d06515aa2a0aee20941c13579d7a2f2e10af01ae4901ee",
                "sha256:f4162988a360a29af158aeb4a2f4f09ffed6a969c9776f8f3bdee9b06a8ab7e5",
                "sha256:f486038e44caa08dbd97275a9a35a283a8f1d2f0ee60ac260a1790e76660833c",
                "sha256:f7de08cbe5551911886d1ab60de58448c6df0f67d9feb7d1fb21e9875ef95e91"
            ],
            "markers": "python_version >= '3.10'",
            "version": "==2.2.4"
        },
        "opencv-python-headless": {
            "hashes": [
                "sha256:0e0a27c19dd1f40ddff94976cfe43066fbbe9dfbb2ec1907d66c19caef42a57b",
                "sha256:48128188ade4a7e517237c8e1e11a9cdf5c282761473383e77beb875bb1e61ca",
                "sha256:6c304df9caa7a6a5710b91709dd4786bf20a74d57672b3c31f7033cc638174ca",
                "sha256:6efabcaa9df731f29e5ea9051776715b1bdd1845d7c9530065c7951d2a2899eb",
                "sha256:996eb282ca4b43ec6a3972414de0e2331f5d9cda2b41091a49739c19fb843798",
                "sha256:a66c1b286a9de872c343ee7c3553b084244299714ebb50fbdcd76f07ebbe6c81",
                "sha256:f447d8acbb0b6f2808da71fddd29c1cdd448d2bc98f72d9bb78a7a898fc9621b"
            ],
            "markers": "python_version >= '3.6'",
            "version": "==4.11.0.86"
        },
        "pdf2docx": {
            "hashes": [
                "sha256:8c5f439ba8147d59c20d33dadb275ff75a7f19b3b6179a9afda29ae2962514dc",
                "sha256:e723f639728193468602b69eade2fe62df5f5d339d2630228e325f4cc61c1918"
            ],
            "index": "pypi",
            "markers": "python_version >= '3.6'",
            "version": "==0.5.8"
        },
        "pillow": {
            "hashes": [
                "sha256:014ca0050c85003620526b0ac1ac53f56fc93af128f7546623cc8e31875ab928",
                "sha256:036e53f4170e270ddb8797d4c590e6dd14d28e15c7da375c18978045f7e6c37b",
                "sha256:062b7a42d672c45a70fa1f8b43d1d38ff76b63421cbbe7f88146b39e8a558d91",
                "sha256:0c3e6d0f59171dfa2e25d7116217543310908dfa2770aa64b8f87605f8cacc97",
                "sha256:0c7b29dbd4281923a2bfe562acb734cee96bbb129e96e6972d315ed9f232bef4",
                "sha256:0f5c7eda47bf8e3c8a283762cab94e496ba977a420868cb819159980b6709193",
                "sha256:127bf6ac4a5b58b3d32fc8289656f77f80567d65660bc46f72c0d77e6600cc95",
                "sha256:14e33b28bf17c7a38eede290f77db7c664e4eb01f7869e37fa98a5aa95978941",
                "sha256:14f73f7c291279bd65fda51ee87affd7c1e097709f7fdd0188957a16c264601f",
                "sha256:191955c55d8a712fab8934a42bfefbf99dd0b5875078240943f913bb66d46d9f",
                "sha256:1d535df14716e7f8776b9e7fee118576d65572b4aad3ed639be9e4fa88a1cad3",
                "sha256:208653868d5c9ecc2b327f9b9ef34e0e42a4cdd172c2988fd81d62d2bc9bc044",
                "sha256:21e1470ac9e5739ff880c211fc3af01e3ae505859392bf65458c224d0bf283eb",
                "sha256:225c832a13326e34f212d2072982bb1adb210e0cc0b153e688743018c94a2681",
                "sha256:25a5f306095c6780c52e6bbb6109624b95c5b18e40aab1c3041da3e9e0cd3e2d",
                "sha256:2728567e249cdd939f6cc3d1f049595c66e4187f3c34078cbc0a7d21c47482d2",
                "sha256:2b490402c96f907a166615e9a5afacf2519e28295f157ec3a2bb9bd57de638cb",
                "sha256:312c77b7f07ab2139924d2639860e084ec2a13e72af54d4f08ac843a5fc9c79d",
                "sha256:31df6e2d3d8fc99f993fd253e97fae451a8db2e7207acf97859732273e108406",
                "sha256:35ca289f712ccfc699508c4658a1d14652e8033e9b69839edf83cbdd0ba39e70",
                "sha256:3692b68c87096ac6308296d96354eddd25f98740c9d2ab54e1549d6c8aea9d79",
                "sha256:36d6b82164c39ce5482f649b437382c0fb2395eabc1e2b1702a6deb8ad647d6e",
                "sha256:39ad2e0f424394e3aebc40168845fee52df1394a4673a6ee512d840d14ab3013",
                "sha256:3e645b020f3209a0181a418bffe7b4a93171eef6c4ef6cc20980b30bebf17b7d",
                "sha256:3fe735ced9a607fee4f481423a9c36701a39719252a9bb251679635f99d0f7d2",
                "sha256:4b835d89c08a6c2ee7781b8dd0a30209a8012b5f09c0a665b65b0eb3560b6f36",
                "sha256:4d375eb838755f2528ac8cbc926c3e31cc49ca4ad0cf79cff48b20e30634a4a7",
                "sha256:4eb92eca2711ef8be42fd3f67533765d9fd043b8c80db204f16c8ea62ee1a751",
                "sha256:5119225c622403afb4b44bad4c1ca6c1f98eed79db8d3bc6e4e160fc6339d66c",
                "sha256:562d11134c97a62fe3af29581f083033179f7ff435f78392565a1ad2d1c2c45c",
                "sha256:598174aef4589af795f66f9caab87ba4ff860ce08cd5bb447c6fc553ffee603c",
                "sha256:63b5dff3a68f371ea06025a1a6966c9a1e1ee452fc8020c2cd0ea41b83e9037b",
                "sha256:6ebce70c3f486acf7591a3d73431fa504a4e18a9b97ff27f5f47b7368e4b9dd1",
                "sha256:738db0e0941ca0376804d4de6a782c005245264edaa253ffce24e5a15cbdc7bd",
                "sha256:7491cf8a79b8eb867d419648fff2f83cb0b3891c8b36da92cc7f1931d46108c8",
                "sha256:74ee3d7ecb3f3c05459ba95eed5efa28d6092d751ce9bf20e3e253a4e497e691",
                "sha256:750f96efe0597382660d8b53e90dd1dd44568a8edb51cb7f9d5d918b80d4de14",
                "sha256:78092232a4ab376a35d68c4e6d5e00dfd73454bd12b230420025fbe178ee3b0b",
                "sha256:78afba22027b4accef10dbd5eed84425930ba41b3ea0a86fa8d20baaf19d807f",
                "sha256:7bdb5e09068332578214cadd9c05e3d64d99e0e87591be22a324bdbc18925be0",
                "sha256:80f1df8dbe9572b4b7abdfa17eb5d78dd620b1d55d9e25f834efdbee872d3aed",
                "sha256:85d27ea4c889342f7e35f6d56e7e1cb345632ad592e8c51b693d7b7556043ce0",
                "sha256:8b02d8f9cb83c52578a0b4beadba92e37d83a4ef11570a8688bbf43f4ca50909",
                "sha256:8ce2e8411c7aaef53e6bb29fe98f28cd4fbd9a1d9be2eeea434331aac0536b22",
                "sha256:8f4f3724c068be008c08257207210c138d5f3731af6c155a81c2b09a9eb3a788",
                "sha256:9622e3b6c1d8b551b6e6f21873bdcc55762b4b2126633014cea1803368a9aa16",
                "sha256:9b7b0d4fd2635f54ad82785d56bc0d94f147096493a79985d0ab57aedd563156",
                "sha256:9bc7ae48b8057a611e5fe9f853baa88093b9a76303937449397899385da06fad",
                "sha256:9db98ab6565c69082ec9b0d4e40dd9f6181dab0dd236d26f7a50b8b9bfbd5076",
                "sha256:9ee66787e095127116d91dea2143db65c7bb1e232f617aa5957c0d9d2a3f23a7",
                "sha256:a0a6709b47019dff32e678bc12c63008311b82b9327613f534e496dacaefb71e",
                "sha256:a64dd61998416367b7ef979b73d3a85853ba9bec4c2925f74e588879a58716b6",
                "sha256:aa442755e31c64037aa7c1cb186e0b369f8416c567381852c63444dd666fb772",
                "sha256:ad275964d52e2243430472fc5d2c2334b4fc3ff9c16cb0a19254e25efa03a155",
                "sha256:b0e130705d568e2f43a17bcbe74d90958e8a16263868a12c3e0d9c8162690830",
                "sha256:b10428b3416d4f9c61f94b494681280be7686bda15898a3a9e08eb66a6d92d67",
                "sha256:b2dbea1012ccb784a65349f57bbc93730b96e85b42e9bf7b01ef40443db720b4",
                "sha256:b4ba4be812c7a40280629e55ae0b14a0aafa150dd6451297562e1764808bbe61",
                "sha256:b93a07e76d13bff9444f1a029e0af2964e654bfc2e2c2d46bfd080df5ad5f3d8",
                "sha256:bf2c33d6791c598142f00c9c4c7d47f6476731c31081331664eb26d6ab583e01",
                "sha256:c27476257b2fdcd7872d54cfd119b3a9ce4610fb85c8e32b70b42e3680a29a1e",
                "sha256:c8bd62331e5032bc396a93609982a9ab6b411c05078a52f5fe3cc59234a3abd1",
                "sha256:c97209e85b5be259994eb5b69ff50c5d20cca0f458ef9abd835e262d9d88b39d",
                "sha256:cc1c3bc53befb6096b84165956e886b1729634a799e9d6329a0c512ab651e579",
                "sha256:cc5d875d56e49f112b6def6813c4e3d3036d269c008bf8aef72cd08d20ca6df6",
                "sha256:d189ba1bebfbc0c0e529159631ec72bb9e9bc041f01ec6d3233d6d82eb823bc1",
                "sha256:d4e5c5edee874dce4f653dbe59db7c73a600119fbea8d31f53423586ee2aafd7",
                "sha256:d57a75d53922fc20c165016a20d9c44f73305e67c351bbc60d1adaf662e74047",
                "sha256:da3104c57bbd72948d75f6a9389e6727d2ab6333c3617f0a89d72d4940aa0443",
                "sha256:dd6b20b93b3ccc9c1b597999209e4bc5cf2853f9ee66e3fc9a400a78733ffc9a",
                "sha256:e0409af9f829f87a2dfb7e259f78f317a5351f2045158be321fd135973fff7bf",
                "sha256:e0b55f27f584ed623221cfe995c912c61606be8513bfa0e07d2c674b4516d9dd",
                "sha256:e616e7154c37669fc1dfc14584f11e284e05d1c650e1c0f972f281c4ccc53193",
                "sha256:e6def7eed9e7fa90fde255afaf08060dc4b343bbe524a8f69bdd2a2f0018f600",
                "sha256:ea926cfbc3957090becbcbbb65ad177161a2ff2ad578b5a6ec9bb1e1cd78753c",
                "sha256:f0d3348c95b766f54b76116d53d4cb171b52992a1027e7ca50c81b43b9d9e363",
                "sha256:f6b0c664ccb879109ee3ca702a9272d877f4fcd21e5eb63c26422fd6e415365e",
                "sha256:f781dcb0bc9929adc77bad571b8621ecb1e4cdef86e940fe2e5b5ee24fd33b35",
                "sha256:f91ebf30830a48c825590aede79376cb40f110b387c17ee9bd59932c961044f9",
                "sha256:fdec757fea0b793056419bca3e9932eb2b0ceec90ef4813ea4c1e072c389eb28",
                "sha256:fe15238d3798788d00716637b3d4e7bb6bde18b26e5d08335a96e88564a36b6b"
            ],
            "index": "pypi",
            "markers": "python_version >= '3.9'",
            "version": "==11.2.1"
        },
        "plum-dispatch": {
            "hashes": [
                "sha256:1c1d15b2842b5fa98405fd3dff6fad4887bdc77b60bd200e209d76ebfe9990fe",
                "sha256:c40dbeab269bbbf972ce0dbc078380da19ebaee1a370a2c564e1814a11bde216"
            ],
            "markers": "python_version >= '3.7'",
            "version": "==1.7.4"
        },
        "pymupdf": {
            "hashes": [
                "sha256:5a35e2725fae0ab57f058dff77615c15eb5961eac50ba04f41ebc792cd8facad",
                "sha256:5f96311cacd13254c905f6654a004a0a2025b71cabc04fda667f5472f72c15a0",
                "sha256:65e18ddb37fe8ec4edcdbebe9be3a8486b6a2f42609d0a142677e42f3a0614f8",
                "sha256:6ed7fc25271004d6d3279c20a80cb2bb4cda3efa9f9088dcc07cd790eca0bc63",
                "sha256:7f44bc3d03ea45b2f68c96464f96105e8c7908896f2fb5e8c04f1fb8dae7981e",
                "sha256:cde4e1c9cfb09c0e1e9c2b7f4b787dd6bb34a32cfe141a4675e24af7c0c25dd3",
                "sha256:d94b800e9501929c42283d39bc241001dd87fdeea297b5cb40d5b5714534452f",
                "sha256:ee22155d3a634642d76553204867d862ae1bdd9f7cf70c0797d8127ebee6bed5"
            ],
            "markers": "python_version >= '3.9'",
            "version": "==1.25.5"
        },
        "pypdf2": {
            "hashes": [
                "sha256:a74408f69ba6271f71b9352ef4ed03dc53a31aa404d29b5d31f53bfecfee1440",
                "sha256:d16e4205cfee272fbdc0568b68d82be796540b1537508cef59388f839c191928"
            ],
            "index": "pypi",
            "markers": "python_version >= '3.6'",
            "version": "==3.0.1"
        },
        "python-docx": {
            "hashes": [
                "sha256:08c20d6058916fb19853fcf080f7f42b6270d89eac9fa5f8c15f691c0017fabe",
                "sha256:0cf1f22e95b9002addca7948e16f2cd7acdfd498047f1941ca5d293db7762efd"
            ],
            "index": "pypi",
            "markers": "python_version >= '3.7'",
            "version": "==1.1.2"
        },
        "spire.pdf": {
            "hashes": [
                "sha256:c7eccaed8cd74eda98d4042caa6b7f8d5de9722b84f8ca373a0632cf6d9ff1ab",
                "sha256:f87d1d458156a468cb096af57f7863cc00c6ca3deb197f9453b3705e88fac6ab",
                "sha256:fb985852cfe6b75771af50ebd9d2047f46dc8a06cd9496fdd25b1139ff760daa"
            ],
            "markers": "python_version >= '3.7'",
            "version": "==10.12.1"
        },
        "termcolor": {
            "hashes": [
                "sha256:a6abd5c6e1284cea2934443ba806e70e5ec8fd2449021be55c280f8a3731b611",
                "sha256:da1ed4ec8a5dc5b2e17476d859febdb3cccb612be1c36e64511a6f2485c10c69"
            ],
            "markers": "python_version >= '3.9'",
            "version": "==3.0.1"
        },
        "tqdm": {
            "hashes": [
                "sha256:26445eca388f82e72884e0d580d5464cd801a3ea01e63e5601bdff9ba6a48de2",
                "sha256:f8aef9c52c08c13a65f30ea34f4e5aac3fd1a34959879d7e59e63027286627f2"
            ],
            "markers": "python_version >= '3.7'",
            "version": "==4.67.1"
        },
        "typing-extensions": {
            "hashes": [
                "sha256:a439e7c04b49fec3e5d3e2beaa21755cadbbdc391694e28ccdd36ca4a1408f8c",
                "sha256:e6c81219bd689f51865d9e372991c540bda33a0379d5573cddb9a3a23f7caaef"
            ],
            "markers": "python_version >= '3.8'",
            "version": "==4.13.2"
        }
    },
    "develop": {}
}
